// !$*UTF8*$!
{
	archiveVersion = 1;
	classes = {
	};
	objectVersion = 50;
	objects = {

/* Begin PBXBuildFile section */
		D1524ABB2122EA3800D65A74 /* AppDelegate.swift in Sources */ = {isa = PBXBuildFile; fileRef = D1524ABA2122EA3800D65A74 /* AppDelegate.swift */; };
		D1524ABD2122EA3800D65A74 /* ViewController.swift in Sources */ = {isa = PBXBuildFile; fileRef = D1524ABC2122EA3800D65A74 /* ViewController.swift */; };
		D1524AC02122EA3800D65A74 /* Main.storyboard in Resources */ = {isa = PBXBuildFile; fileRef = D1524ABE2122EA3800D65A74 /* Main.storyboard */; };
		D1524AC22122EA3900D65A74 /* Assets.xcassets in Resources */ = {isa = PBXBuildFile; fileRef = D1524AC12122EA3900D65A74 /* Assets.xcassets */; };
		D1524AC52122EA3900D65A74 /* LaunchScreen.storyboard in Resources */ = {isa = PBXBuildFile; fileRef = D1524AC32122EA3900D65A74 /* LaunchScreen.storyboard */; };
		D1524ACD2122EA5B00D65A74 /* MyData.swift in Sources */ = {isa = PBXBuildFile; fileRef = D1524ACC2122EA5B00D65A74 /* MyData.swift */; };
/* End PBXBuildFile section */

/* Begin PBXFileReference section */
		D1524AB72122EA3800D65A74 /* Structure&Class Practice.app */ = {isa = PBXFileReference; explicitFileType = wrapper.application; includeInIndex = 0; path = "Structure&Class Practice.app"; sourceTree = BUILT_PRODUCTS_DIR; };
		D1524ABA2122EA3800D65A74 /* AppDelegate.swift */ = {isa = PBXFileReference; lastKnownFileType = sourcecode.swift; path = AppDelegate.swift; sourceTree = "<group>"; };
		D1524ABC2122EA3800D65A74 /* ViewController.swift */ = {isa = PBXFileReference; lastKnownFileType = sourcecode.swift; path = ViewController.swift; sourceTree = "<group>"; };
		D1524ABF2122EA3800D65A74 /* Base */ = {isa = PBXFileReference; lastKnownFileType = file.storyboard; name = Base; path = Base.lproj/Main.storyboard; sourceTree = "<group>"; };
		D1524AC12122EA3900D65A74 /* Assets.xcassets */ = {isa = PBXFileReference; lastKnownFileType = folder.assetcatalog; path = Assets.xcassets; sourceTree = "<group>"; };
		D1524AC42122EA3900D65A74 /* Base */ = {isa = PBXFileReference; lastKnownFileType = file.storyboard; name = Base; path = Base.lproj/LaunchScreen.storyboard; sourceTree = "<group>"; };
		D1524AC62122EA3900D65A74 /* Info.plist */ = {isa = PBXFileReference; lastKnownFileType = text.plist.xml; path = Info.plist; sourceTree = "<group>"; };
		D1524ACC2122EA5B00D65A74 /* MyData.swift */ = {isa = PBXFileReference; lastKnownFileType = sourcecode.swift; path = MyData.swift; sourceTree = "<group>"; };
/* End PBXFileReference section */

/* Begin PBXFrameworksBuildPhase section */
		D1524AB42122EA3800D65A74 /* Frameworks */ = {
			isa = PBXFrameworksBuildPhase;
			buildActionMask = 2147483647;
			files = (
			);
			runOnlyForDeploymentPostprocessing = 0;
		};
/* End PBXFrameworksBuildPhase section */

/* Begin PBXGroup section */
		D1524AAE2122EA3800D65A74 = {
			isa = PBXGroup;
			children = (
				D1524AB92122EA3800D65A74 /* Structure&Class Practice */,
				D1524AB82122EA3800D65A74 /* Products */,
			);
			sourceTree = "<group>";
		};
		D1524AB82122EA3800D65A74 /* Products */ = {
			isa = PBXGroup;
			children = (
				D1524AB72122EA3800D65A74 /* Structure&Class Practice.app */,
			);
			name = Products;
			sourceTree = "<group>";
		};
		D1524AB92122EA3800D65A74 /* Structure&Class Practice */ = {
			isa = PBXGroup;
			children = (
				D1524ABA2122EA3800D65A74 /* AppDelegate.swift */,
				D1524ABC2122EA3800D65A74 /* ViewController.swift */,
				D1524ACC2122EA5B00D65A74 /* MyData.swift */,
				D1524ABE2122EA3800D65A74 /* Main.storyboard */,
				D1524AC12122EA3900D65A74 /* Assets.xcassets */,
				D1524AC32122EA3900D65A74 /* LaunchScreen.storyboard */,
				D1524AC62122EA3900D65A74 /* Info.plist */,
			);
			path = "Structure&Class Practice";
			sourceTree = "<group>";
		};
/* End PBXGroup section */

/* Begin PBXNativeTarget section */
		D1524AB62122EA3800D65A74 /* Structure&Class Practice */ = {
			isa = PBXNativeTarget;
			buildConfigurationList = D1524AC92122EA3900D65A74 /* Build configuration list for PBXNativeTarget "Structure&Class Practice" */;
			buildPhases = (
				D1524AB32122EA3800D65A74 /* Sources */,
				D1524AB42122EA3800D65A74 /* Frameworks */,
				D1524AB52122EA3800D65A74 /* Resources */,
			);
			buildRules = (
			);
			dependencies = (
			);
			name = "Structure&Class Practice";
			productName = "Structure&Class Practice";
			productReference = D1524AB72122EA3800D65A74 /* Structure&Class Practice.app */;
			productType = "com.apple.product-type.application";
		};
/* End PBXNativeTarget section */

/* Begin PBXProject section */
		D1524AAF2122EA3800D65A74 /* Project object */ = {
			isa = PBXProject;
			attributes = {
				LastSwiftUpdateCheck = 0940;
				LastUpgradeCheck = 0940;
				ORGANIZATIONNAME = Munger;
				TargetAttributes = {
					D1524AB62122EA3800D65A74 = {
						CreatedOnToolsVersion = 9.4.1;
					};
				};
			};
			buildConfigurationList = D1524AB22122EA3800D65A74 /* Build configuration list for PBXProject "Structure&Class Practice" */;
			compatibilityVersion = "Xcode 9.3";
			developmentRegion = en;
			hasScannedForEncodings = 0;
			knownRegions = (
				en,
				Base,
			);
			mainGroup = D1524AAE2122EA3800D65A74;
			productRefGroup = D1524AB82122EA3800D65A74 /* Products */;
			projectDirPath = "";
			projectRoot = "";
			targets = (
				D1524AB62122EA3800D65A74 /* Structure&Class Practice */,
			);
		};
/* End PBXProject section */

/* Begin PBXResourcesBuildPhase section */
		D1524AB52122EA3800D65A74 /* Resources */ = {
			isa = PBXResourcesBuildPhase;
			buildActionMask = 2147483647;
			files = (
				D1524AC52122EA3900D65A74 /* LaunchScreen.storyboard in Resources */,
				D1524AC22122EA3900D65A74 /* Assets.xcassets in Resources */,
				D1524AC02122EA3800D65A74 /* Main.storyboard in Resources */,
			);
			runOnlyForDeploymentPostprocessing = 0;
		};
/* End PBXResourcesBuildPhase section */

/* Begin PBXSourcesBuildPhase section */
		D1524AB32122EA3800D65A74 /* Sources */ = {
			isa = PBXSourcesBuildPhase;
			buildActionMask = 2147483647;
			files = (
				D1524ACD2122EA5B00D65A74 /* MyData.swift in Sources */,
				D1524ABD2122EA3800D65A74 /* ViewController.swift in Sources */,
				D1524ABB2122EA3800D65A74 /* AppDelegate.swift in Sources */,
			);
			runOnlyForDeploymentPostprocessing = 0;
		};
/* End PBXSourcesBuildPhase section */

/* Begin PBXVariantGroup section */
		D1524ABE2122EA3800D65A74 /* Main.storyboard */ = {
			isa = PBXVariantGroup;
			children = (
				D1524ABF2122EA3800D65A74 /* Base */,
			);
			name = Main.storyboard;
			sourceTree = "<group>";
		};
		D1524AC32122EA3900D65A74 /* LaunchScreen.storyboard */ = {
			isa = PBXVariantGroup;
			children = (
				D1524AC42122EA3900D65A74 /* Base */,
			);
			name = LaunchScreen.storyboard;
			sourceTree = "<group>";
		};
/* End PBXVariantGroup section */

/* Begin XCBuildConfiguration section */
		D1524AC72122EA3900D65A74 /* Debug */ = {
			isa = XCBuildConfiguration;
			buildSettings = {
				ALWAYS_SEARCH_USER_PATHS = NO;
				CLANG_ANALYZER_NONNULL = YES;
				CLANG_ANALYZER_NUMBER_OBJECT_CONVERSION = YES_AGGRESSIVE;
				CLANG_CXX_LANGUAGE_STANDARD = "gnu++14";
				CLANG_CXX_LIBRARY = "libc++";
				CLANG_ENABLE_MODULES = YES;
				CLANG_ENABLE_OBJC_ARC = YES;
				CLANG_ENABLE_OBJC_WEAK = YES;
				CLANG_WARN_BLOCK_CAPTURE_AUTORELEASING = YES;
				CLANG_WARN_BOOL_CONVERSION = YES;
				CLANG_WARN_COMMA = YES;
				CLANG_WARN_CONSTANT_CONVERSION = YES;
				CLANG_WARN_DEPRECATED_OBJC_IMPLEMENTATIONS = YES;
				CLANG_WARN_DIRECT_OBJC_ISA_USAGE = YES_ERROR;
				CLANG_WARN_DOCUMENTATION_COMMENTS = YES;
				CLANG_WARN_EMPTY_BODY = YES;
				CLANG_WARN_ENUM_CONVERSION = YES;
				CLANG_WARN_INFINITE_RECURSION = YES;
				CLANG_WARN_INT_CONVERSION = YES;
				CLANG_WARN_NON_LITERAL_NULL_CONVERSION = YES;
				CLANG_WARN_OBJC_IMPLICIT_RETAIN_SELF = YES;
				CLANG_WARN_OBJC_LITERAL_CONVERSION = YES;
				CLANG_WARN_OBJC_ROOT_CLASS = YES_ERROR;
				CLANG_WARN_RANGE_LOOP_ANALYSIS = YES;
				CLANG_WARN_STRICT_PROTOTYPES = YES;
				CLANG_WARN_SUSPICIOUS_MOVE = YES;
				CLANG_WARN_UNGUARDED_AVAILABILITY = YES_AGGRESSIVE;
				CLANG_WARN_UNREACHABLE_CODE = YES;
				CLANG_WARN__DUPLICATE_METHOD_MATCH = YES;
				CODE_SIGN_IDENTITY = "iPhone Developer";
				COPY_PHASE_STRIP = NO;
				DEBUG_INFORMATION_FORMAT = dwarf;
				ENABLE_STRICT_OBJC_MSGSEND = YES;
				ENABLE_TESTABILITY = YES;
				GCC_C_LANGUAGE_STANDARD = gnu11;
				GCC_DYNAMIC_NO_PIC = NO;
				GCC_NO_COMMON_BLOCKS = YES;
				GCC_OPTIMIZATION_LEVEL = 0;
				GCC_PREPROCESSOR_DEFINITIONS = (
					"DEBUG=1",
					"$(inherited)",
				);
				GCC_WARN_64_TO_32_BIT_CONVERSION = YES;
				GCC_WARN_ABOUT_RETURN_TYPE = YES_ERROR;
				GCC_WARN_UNDECLARED_SELECTOR = YES;
				GCC_WARN_UNINITIALIZED_AUTOS = YES_AGGRESSIVE;
				GCC_WARN_UNUSED_FUNCTION = YES;
				GCC_WARN_UNUSED_VARIABLE = YES;
				IPHONEOS_DEPLOYMENT_TARGET = 11.4;
				MTL_ENABLE_DEBUG_INFO = YES;
				ONLY_ACTIVE_ARCH = YES;
				SDKROOT = iphoneos;
				SWIFT_ACTIVE_COMPILATION_CONDITIONS = DEBUG;
				SWIFT_OPTIMIZATION_LEVEL = "-Onone";
			};
			name = Debug;
		};
		D1524AC82122EA3900D65A74 /* Release */ = {
			isa = XCBuildConfiguration;
			buildSettings = {
				ALWAYS_SEARCH_USER_PATHS = NO;
				CLANG_ANALYZER_NONNULL = YES;
				CLANG_ANALYZER_NUMBER_OBJECT_CONVERSION = YES_AGGRESSIVE;
				CLANG_CXX_LANGUAGE_STANDARD = "gnu++14";
				CLANG_CXX_LIBRARY = "libc++";
				CLANG_ENABLE_MODULES = YES;
				CLANG_ENABLE_OBJC_ARC = YES;
				CLANG_ENABLE_OBJC_WEAK = YES;
				CLANG_WARN_BLOCK_CAPTURE_AUTORELEASING = YES;
				CLANG_WARN_BOOL_CONVERSION = YES;
				CLANG_WARN_COMMA = YES;
				CLANG_WARN_CONSTANT_CONVERSION = YES;
				CLANG_WARN_DEPRECATED_OBJC_IMPLEMENTATIONS = YES;
				CLANG_WARN_DIRECT_OBJC_ISA_USAGE = YES_ERROR;
				CLANG_WARN_DOCUMENTATION_COMMENTS = YES;
				CLANG_WARN_EMPTY_BODY = YES;
				CLANG_WARN_ENUM_CONVERSION = YES;
				CLANG_WARN_INFINITE_RECURSION = YES;
				CLANG_WARN_INT_CONVERSION = YES;
				CLANG_WARN_NON_LITERAL_NULL_CONVERSION = YES;
				CLANG_WARN_OBJC_IMPLICIT_RETAIN_SELF = YES;
				CLANG_WARN_OBJC_LITERAL_CONVERSION = YES;
				CLANG_WARN_OBJC_ROOT_CLASS = YES_ERROR;
				CLANG_WARN_RANGE_LOOP_ANALYSIS = YES;
				CLANG_WARN_STRICT_PROTOTYPES = YES;
				CLANG_WARN_SUSPICIOUS_MOVE = YES;
				CLANG_WARN_UNGUARDED_AVAILABILITY = YES_AGGRESSIVE;
				CLANG_WARN_UNREACHABLE_CODE = YES;
				CLANG_WARN__DUPLICATE_METHOD_MATCH = YES;
				CODE_SIGN_IDENTITY = "iPhone Developer";
				COPY_PHASE_STRIP = NO;
				DEBUG_INFORMATION_FORMAT = "dwarf-with-dsym";
				ENABLE_NS_ASSERTIONS = NO;
				ENABLE_STRICT_OBJC_MSGSEND = YES;
				GCC_C_LANGUAGE_STANDARD = gnu11;
				GCC_NO_COMMON_BLOCKS = YES;
				GCC_WARN_64_TO_32_BIT_CONVERSION = YES;
				GCC_WARN_ABOUT_RETURN_TYPE = YES_ERROR;
				GCC_WARN_UNDECLARED_SELECTOR = YES;
				GCC_WARN_UNINITIALIZED_AUTOS = YES_AGGRESSIVE;
				GCC_WARN_UNUSED_FUNCTION = YES;
				GCC_WARN_UNUSED_VARIABLE = YES;
				IPHONEOS_DEPLOYMENT_TARGET = 11.4;
				MTL_ENABLE_DEBUG_INFO = NO;
				SDKROOT = iphoneos;
				SWIFT_COMPILATION_MODE = wholemodule;
				SWIFT_OPTIMIZATION_LEVEL = "-O";
				VALIDATE_PRODUCT = YES;
			};
			name = Release;
		};
		D1524ACA2122EA3900D65A74 /* Debug */ = {
			isa = XCBuildConfiguration;
			buildSettings = {
				ASSETCATALOG_COMPILER_APPICON_NAME = AppIcon;
				CODE_SIGN_STYLE = Automatic;
				INFOPLIST_FILE = "Structure&Class Practice/Info.plist";
				LD_RUNPATH_SEARCH_PATHS = (
					"$(inherited)",
					"@executable_path/Frameworks",
				);
				PRODUCT_BUNDLE_IDENTIFIER = "com.Munger.Structure-Class-Practice";
				PRODUCT_NAME = "$(TARGET_NAME)";
				SWIFT_VERSION = 4.0;
				TARGETED_DEVICE_FAMILY = "1,2";
			};
			name = Debug;
		};
		D1524ACB2122EA3900D65A74 /* Release */ = {
			isa = XCBuildConfiguration;
			buildSettings = {
				ASSETCATALOG_COMPILER_APPICON_NAME = AppIcon;
				CODE_SIGN_STYLE = Automatic;
				INFOPLIST_FILE = "Structure&Class Practice/Info.plist";
				LD_RUNPATH_SEARCH_PATHS = (
					"$(inherited)",
					"@executable_path/Frameworks",
				);
				PRODUCT_BUNDLE_IDENTIFIER = "com.Munger.Structure-Class-Practice";
				PRODUCT_NAME = "$(TARGET_NAME)";
				SWIFT_VERSION = 4.0;
				TARGETED_DEVICE_FAMILY = "1,2";
			};
			name = Release;
		};
/* End XCBuildConfiguration section */

/* Begin XCConfigurationList section */
		D1524AB22122EA3800D65A74 /* Build configuration list for PBXProject "Structure&Class Practice" */ = {
			isa = XCConfigurationList;
			buildConfigurations = (
				D1524AC72122EA3900D65A74 /* Debug */,
				D1524AC82122EA3900D65A74 /* Release */,
			);
			defaultConfigurationIsVisible = 0;
			defaultConfigurationName = Release;
		};
		D1524AC92122EA3900D65A74 /* Build configuration list for PBXNativeTarget "Structure&Class Practice" */ = {
			isa = XCConfigurationList;
			buildConfigurations = (
				D1524ACA2122EA3900D65A74 /* Debug */,
				D1524ACB2122EA3900D65A74 /* Release */,
			);
			defaultConfigurationIsVisible = 0;
			defaultConfigurationName = Release;
		};
/* End XCConfigurationList section */
	};
	rootObject = D1524AAF2122EA3800D65A74 /* Project object */;
}
